
Microsoft Visual Studio Solution File, Format Version 12.00
# Visual Studio Version 17
VisualStudioVersion = 17.5.002.0
MinimumVisualStudioVersion = 10.0.40219.1
Project("{9A19103F-16F7-4668-BE54-9A1E7A4F7556}") = "hellowork1", "hellowork1.csproj", "{7C233858-F032-47B3-9B86-9093A2402803}"
EndProject
Global
	GlobalSection(SolutionConfigurationPlatforms) = preSolution
		Debug|Any CPU = Debug|Any CPU
		Release|Any CPU = Release|Any CPU
	EndGlobalSection
	GlobalSection(ProjectConfigurationPlatforms) = postSolution
		{7C233858-F032-47B3-9B86-9093A2402803}.Debug|Any CPU.ActiveCfg = Debug|Any CPU
		{7C233858-F032-47B3-9B86-9093A2402803}.Debug|Any CPU.Build.0 = Debug|Any CPU
		{7C233858-F032-47B3-9B86-9093A2402803}.Release|Any CPU.ActiveCfg = Release|Any CPU
		{7C233858-F032-47B3-9B86-9093A2402803}.Release|Any CPU.Build.0 = Release|Any CPU
	EndGlobalSection
	GlobalSection(SolutionProperties) = preSolution
		HideSolutionNode = FALSE
	EndGlobalSection
	GlobalSection(ExtensibilityGlobals) = postSolution
		SolutionGuid = {0E95B9DF-E34C-4ECC-B0B9-75D5D663C565}
	EndGlobalSection
EndGlobal
