
Microsoft Visual Studio Solution File, Format Version 12.00
# Visual Studio Version 17
VisualStudioVersion = 17.10.35027.167
MinimumVisualStudioVersion = 10.0.40219.1
Project("{FAE04EC0-301F-11D3-BF4B-00C04F79EFBC}") = "03FormativeAssessment", "03FormativeAssessment\03FormativeAssessment.csproj", "{37FA34BB-0BEC-418C-8B54-73F97FF3EC53}"
EndProject
Global
	GlobalSection(SolutionConfigurationPlatforms) = preSolution
		Debug|Any CPU = Debug|Any CPU
		Release|Any CPU = Release|Any CPU
	EndGlobalSection
	GlobalSection(ProjectConfigurationPlatforms) = postSolution
		{37FA34BB-0BEC-418C-8B54-73F97FF3EC53}.Debug|Any CPU.ActiveCfg = Debug|Any CPU
		{37FA34BB-0BEC-418C-8B54-73F97FF3EC53}.Debug|Any CPU.Build.0 = Debug|Any CPU
		{37FA34BB-0BEC-418C-8B54-73F97FF3EC53}.Release|Any CPU.ActiveCfg = Release|Any CPU
		{37FA34BB-0BEC-418C-8B54-73F97FF3EC53}.Release|Any CPU.Build.0 = Release|Any CPU
	EndGlobalSection
	GlobalSection(SolutionProperties) = preSolution
		HideSolutionNode = FALSE
	EndGlobalSection
	GlobalSection(ExtensibilityGlobals) = postSolution
		SolutionGuid = {858C9EE0-970E-4CE0-840C-64880212B508}
	EndGlobalSection
EndGlobal
